// !$*UTF8*$!
{
	archiveVersion = 1;
	classes = {
	};
	objectVersion = 77;
	objects = {

/* Begin PBXBuildFile section */
		7F1DF7062E961E2500C382E6 /* Assets.xcassets in Resources */ = {isa = PBXBuildFile; fileRef = 7F1DF7052E961E2500C382E6 /* Assets.xcassets */; };
		7F1DF70B2E961E2500C382E6 /* UPTBuildTracker.xcdatamodeld in Sources */ = {isa = PBXBuildFile; fileRef = 7F1DF7092E961E2500C382E6 /* UPTBuildTracker.xcdatamodeld */; };
		7F1DF7362E9629AA00C382E6 /* UPTBuildTrackerApp.swift in Sources */ = {isa = PBXBuildFile; fileRef = 7F1DF7352E9629AA00C382E6 /* UPTBuildTrackerApp.swift */; };
		7F1DF74F2E962BD400C382E6 /* BuildEntity+CoreDataClass.swift in Sources */ = {isa = PBXBuildFile; fileRef = 7F1DF74E2E962BD400C382E6 /* BuildEntity+CoreDataClass.swift */; };
		7F1DF7522E962EE200C382E6 /* PersistenceController.swift in Sources */ = {isa = PBXBuildFile; fileRef = 7F1DF7382E9629CC00C382E6 /* PersistenceController.swift */; };
		7F1DF7542E962F8300C382E6 /* BuildEntity+CoreDataProperties.swift in Sources */ = {isa = PBXBuildFile; fileRef = 7F1DF7532E962F8300C382E6 /* BuildEntity+CoreDataProperties.swift */; };
		7F1DF7552E9630A900C382E6 /* ContentView.swift in Sources */ = {isa = PBXBuildFile; fileRef = 7F1DF7402E962A9700C382E6 /* ContentView.swift */; };
		7F1DF7572E9630F700C382E6 /* ArchiveView.swift in Sources */ = {isa = PBXBuildFile; fileRef = 7F1DF7472E962B2200C382E6 /* ArchiveView.swift */; };
		7F1DF7582E96310000C382E6 /* SettingsView.swift in Sources */ = {isa = PBXBuildFile; fileRef = 7F1DF74B2E962B5200C382E6 /* SettingsView.swift */; };
		7F1DF7592E96313A00C382E6 /* BuildEntryView.swift in Sources */ = {isa = PBXBuildFile; fileRef = 7F1DF7422E962AD100C382E6 /* BuildEntryView.swift */; };
		7F1DF75A2E9631A200C382E6 /* ArchiveViewModel.swift in Sources */ = {isa = PBXBuildFile; fileRef = 7F1DF73E2E962A8500C382E6 /* ArchiveViewModel.swift */; };
		7F1DF75B2E9631AD00C382E6 /* BuildEntryViewModel.swift in Sources */ = {isa = PBXBuildFile; fileRef = 7F1DF73D2E962A7700C382E6 /* BuildEntryViewModel.swift */; };
		7F1DF75C2E96320300C382E6 /* ScanField.swift in Sources */ = {isa = PBXBuildFile; fileRef = 7F1DF73A2E962A5900C382E6 /* ScanField.swift */; };
		7F1DF75D2E96324200C382E6 /* DataServiceProtocol.swift in Sources */ = {isa = PBXBuildFile; fileRef = 7F1DF73B2E962A6400C382E6 /* DataServiceProtocol.swift */; };
		7F1DF75E2E96324F00C382E6 /* GoogleSheetsServiceProtocol.swift in Sources */ = {isa = PBXBuildFile; fileRef = 7F1DF73C2E962A6C00C382E6 /* GoogleSheetsServiceProtocol.swift */; };
		7F1DF75F2E9632B500C382E6 /* BuildRecord.swift in Sources */ = {isa = PBXBuildFile; fileRef = 7F1DF7392E962A4B00C382E6 /* BuildRecord.swift */; };
		7F1DF7602E96339C00C382E6 /* GoogleSheetsInstructionsView.swift in Sources */ = {isa = PBXBuildFile; fileRef = 7F1DF74C2E962B5B00C382E6 /* GoogleSheetsInstructionsView.swift */; };
		7F1DF7642E963A0D00C382E6 /* BuildDetailView.swift in Sources */ = {isa = PBXBuildFile; fileRef = 7F1DF7482E962B2D00C382E6 /* BuildDetailView.swift */; };
		7F1DF7652E963A1900C382E6 /* DetailRow.swift in Sources */ = {isa = PBXBuildFile; fileRef = 7F1DF74D2E962B6500C382E6 /* DetailRow.swift */; };
		7F39C1B12EA6A10800EAFA9F /* PINTextField.swift in Sources */ = {isa = PBXBuildFile; fileRef = 7F39C1B02EA6A10800EAFA9F /* PINTextField.swift */; };
		7F39C1B32EA6A10E00EAFA9F /* SerialNumberField.swift in Sources */ = {isa = PBXBuildFile; fileRef = 7F39C1B22EA6A10E00EAFA9F /* SerialNumberField.swift */; };
		7F39C1B52EA6A14E00EAFA9F /* PerformanceConfig.swift in Sources */ = {isa = PBXBuildFile; fileRef = 7F39C1B42EA6A14E00EAFA9F /* PerformanceConfig.swift */; };
		7FBE8EC42E989040002F2ECD /* BarcodeScannerView.swift in Sources */ = {isa = PBXBuildFile; fileRef = 7FBE8EC32E989040002F2ECD /* BarcodeScannerView.swift */; };
		7FBE8EC62E98907A002F2ECD /* CameraScannerView.swift in Sources */ = {isa = PBXBuildFile; fileRef = 7FBE8EC52E98907A002F2ECD /* CameraScannerView.swift */; };
		7FBE8ECA2E9F6B59002F2ECD /* LaunchScreen.storyboard in Resources */ = {isa = PBXBuildFile; fileRef = 7FBE8EC92E9F6B59002F2ECD /* LaunchScreen.storyboard */; };
/* End PBXBuildFile section */

/* Begin PBXContainerItemProxy section */
		7F1DF7112E961E2500C382E6 /* PBXContainerItemProxy */ = {
			isa = PBXContainerItemProxy;
			containerPortal = 7F1DF6F62E961E2300C382E6 /* Project object */;
			proxyType = 1;
			remoteGlobalIDString = 7F1DF6FD2E961E2300C382E6;
			remoteInfo = UPTBuildTracker;
		};
		7F1DF71B2E961E2500C382E6 /* PBXContainerItemProxy */ = {
			isa = PBXContainerItemProxy;
			containerPortal = 7F1DF6F62E961E2300C382E6 /* Project object */;
			proxyType = 1;
			remoteGlobalIDString = 7F1DF6FD2E961E2300C382E6;
			remoteInfo = UPTBuildTracker;
		};
/* End PBXContainerItemProxy section */

/* Begin PBXFileReference section */
		7F1DF6FE2E961E2300C382E6 /* UPTBuildTracker.app */ = {isa = PBXFileReference; explicitFileType = wrapper.application; includeInIndex = 0; path = UPTBuildTracker.app; sourceTree = BUILT_PRODUCTS_DIR; };
		7F1DF7052E961E2500C382E6 /* Assets.xcassets */ = {isa = PBXFileReference; lastKnownFileType = folder.assetcatalog; path = Assets.xcassets; sourceTree = "<group>"; };
		7F1DF70A2E961E2500C382E6 /* UPTBuildTracker.xcdatamodel */ = {isa = PBXFileReference; lastKnownFileType = wrapper.xcdatamodel; path = UPTBuildTracker.xcdatamodel; sourceTree = "<group>"; };
		7F1DF7102E961E2500C382E6 /* UPTBuildTrackerTests.xctest */ = {isa = PBXFileReference; explicitFileType = wrapper.cfbundle; includeInIndex = 0; path = UPTBuildTrackerTests.xctest; sourceTree = BUILT_PRODUCTS_DIR; };
		7F1DF71A2E961E2500C382E6 /* UPTBuildTrackerUITests.xctest */ = {isa = PBXFileReference; explicitFileType = wrapper.cfbundle; includeInIndex = 0; path = UPTBuildTrackerUITests.xctest; sourceTree = BUILT_PRODUCTS_DIR; };
		7F1DF72D2E96202F00C382E6 /* Info.plist */ = {isa = PBXFileReference; lastKnownFileType = text.plist.xml; path = Info.plist; sourceTree = "<group>"; };
		7F1DF7352E9629AA00C382E6 /* UPTBuildTrackerApp.swift */ = {isa = PBXFileReference; lastKnownFileType = sourcecode.swift; path = UPTBuildTrackerApp.swift; sourceTree = "<group>"; };
		7F1DF7382E9629CC00C382E6 /* PersistenceController.swift */ = {isa = PBXFileReference; lastKnownFileType = sourcecode.swift; path = PersistenceController.swift; sourceTree = "<group>"; };
		7F1DF7392E962A4B00C382E6 /* BuildRecord.swift */ = {isa = PBXFileReference; lastKnownFileType = sourcecode.swift; path = BuildRecord.swift; sourceTree = "<group>"; };
		7F1DF73A2E962A5900C382E6 /* ScanField.swift */ = {isa = PBXFileReference; lastKnownFileType = sourcecode.swift; path = ScanField.swift; sourceTree = "<group>"; };
		7F1DF73B2E962A6400C382E6 /* DataServiceProtocol.swift */ = {isa = PBXFileReference; lastKnownFileType = sourcecode.swift; path = DataServiceProtocol.swift; sourceTree = "<group>"; };
		7F1DF73C2E962A6C00C382E6 /* GoogleSheetsServiceProtocol.swift */ = {isa = PBXFileReference; lastKnownFileType = sourcecode.swift; path = GoogleSheetsServiceProtocol.swift; sourceTree = "<group>"; };
		7F1DF73D2E962A7700C382E6 /* BuildEntryViewModel.swift */ = {isa = PBXFileReference; lastKnownFileType = sourcecode.swift; path = BuildEntryViewModel.swift; sourceTree = "<group>"; };
		7F1DF73E2E962A8500C382E6 /* ArchiveViewModel.swift */ = {isa = PBXFileReference; lastKnownFileType = sourcecode.swift; path = ArchiveViewModel.swift; sourceTree = "<group>"; };
		7F1DF7402E962A9700C382E6 /* ContentView.swift */ = {isa = PBXFileReference; lastKnownFileType = sourcecode.swift; path = ContentView.swift; sourceTree = "<group>"; };
		7F1DF7422E962AD100C382E6 /* BuildEntryView.swift */ = {isa = PBXFileReference; lastKnownFileType = sourcecode.swift; path = BuildEntryView.swift; sourceTree = "<group>"; };
		7F1DF7472E962B2200C382E6 /* ArchiveView.swift */ = {isa = PBXFileReference; lastKnownFileType = sourcecode.swift; path = ArchiveView.swift; sourceTree = "<group>"; };
		7F1DF7482E962B2D00C382E6 /* BuildDetailView.swift */ = {isa = PBXFileReference; lastKnownFileType = sourcecode.swift; path = BuildDetailView.swift; sourceTree = "<group>"; };
		7F1DF74B2E962B5200C382E6 /* SettingsView.swift */ = {isa = PBXFileReference; lastKnownFileType = sourcecode.swift; path = SettingsView.swift; sourceTree = "<group>"; };
		7F1DF74C2E962B5B00C382E6 /* GoogleSheetsInstructionsView.swift */ = {isa = PBXFileReference; lastKnownFileType = sourcecode.swift; path = GoogleSheetsInstructionsView.swift; sourceTree = "<group>"; };
		7F1DF74D2E962B6500C382E6 /* DetailRow.swift */ = {isa = PBXFileReference; lastKnownFileType = sourcecode.swift; path = DetailRow.swift; sourceTree = "<group>"; };
		7F1DF74E2E962BD400C382E6 /* BuildEntity+CoreDataClass.swift */ = {isa = PBXFileReference; lastKnownFileType = sourcecode.swift; path = "BuildEntity+CoreDataClass.swift"; sourceTree = "<group>"; };
		7F1DF7532E962F8300C382E6 /* BuildEntity+CoreDataProperties.swift */ = {isa = PBXFileReference; lastKnownFileType = sourcecode.swift; path = "BuildEntity+CoreDataProperties.swift"; sourceTree = "<group>"; };
		7F39C1B02EA6A10800EAFA9F /* PINTextField.swift */ = {isa = PBXFileReference; lastKnownFileType = sourcecode.swift; path = PINTextField.swift; sourceTree = "<group>"; };
		7F39C1B22EA6A10E00EAFA9F /* SerialNumberField.swift */ = {isa = PBXFileReference; lastKnownFileType = sourcecode.swift; path = SerialNumberField.swift; sourceTree = "<group>"; };
		7F39C1B42EA6A14E00EAFA9F /* PerformanceConfig.swift */ = {isa = PBXFileReference; lastKnownFileType = sourcecode.swift; path = PerformanceConfig.swift; sourceTree = "<group>"; };
		7FBE8EC32E989040002F2ECD /* BarcodeScannerView.swift */ = {isa = PBXFileReference; lastKnownFileType = sourcecode.swift; path = BarcodeScannerView.swift; sourceTree = "<group>"; };
		7FBE8EC52E98907A002F2ECD /* CameraScannerView.swift */ = {isa = PBXFileReference; lastKnownFileType = sourcecode.swift; path = CameraScannerView.swift; sourceTree = "<group>"; };
		7FBE8EC92E9F6B59002F2ECD /* LaunchScreen.storyboard */ = {isa = PBXFileReference; lastKnownFileType = file.storyboard; path = LaunchScreen.storyboard; sourceTree = "<group>"; };
/* End PBXFileReference section */

/* Begin PBXFileSystemSynchronizedRootGroup section */
		7F1DF7132E961E2500C382E6 /* UPTBuildTrackerTests */ = {
			isa = PBXFileSystemSynchronizedRootGroup;
			path = UPTBuildTrackerTests;
			sourceTree = "<group>";
		};
		7F1DF71D2E961E2500C382E6 /* UPTBuildTrackerUITests */ = {
			isa = PBXFileSystemSynchronizedRootGroup;
			path = UPTBuildTrackerUITests;
			sourceTree = "<group>";
		};
/* End PBXFileSystemSynchronizedRootGroup section */

/* Begin PBXFrameworksBuildPhase section */
		7F1DF6FB2E961E2300C382E6 /* Frameworks */ = {
			isa = PBXFrameworksBuildPhase;
			buildActionMask = 2147483647;
			files = (
			);
			runOnlyForDeploymentPostprocessing = 0;
		};
		7F1DF70D2E961E2500C382E6 /* Frameworks */ = {
			isa = PBXFrameworksBuildPhase;
			buildActionMask = 2147483647;
			files = (
			);
			runOnlyForDeploymentPostprocessing = 0;
		};
		7F1DF7172E961E2500C382E6 /* Frameworks */ = {
			isa = PBXFrameworksBuildPhase;
			buildActionMask = 2147483647;
			files = (
			);
			runOnlyForDeploymentPostprocessing = 0;
		};
/* End PBXFrameworksBuildPhase section */

/* Begin PBXGroup section */
		7F1DF6F52E961E2300C382E6 = {
			isa = PBXGroup;
			children = (
				7FBE8EC92E9F6B59002F2ECD /* LaunchScreen.storyboard */,
				7F1DF7352E9629AA00C382E6 /* UPTBuildTrackerApp.swift */,
				7F1DF72F2E9628D300C382E6 /* Models */,
				7F1DF7302E9628EB00C382E6 /* ViewModels */,
				7F1DF7312E9628F500C382E6 /* Views */,
				7F1DF7322E9628FA00C382E6 /* Services */,
				7F1DF7332E96290400C382E6 /* CoreData */,
				7F1DF7342E96290900C382E6 /* Resources */,
				7F1DF72D2E96202F00C382E6 /* Info.plist */,
				7F1DF7052E961E2500C382E6 /* Assets.xcassets */,
				7F1DF7132E961E2500C382E6 /* UPTBuildTrackerTests */,
				7F1DF71D2E961E2500C382E6 /* UPTBuildTrackerUITests */,
				7F1DF6FF2E961E2300C382E6 /* Products */,
			);
			sourceTree = "<group>";
		};
		7F1DF6FF2E961E2300C382E6 /* Products */ = {
			isa = PBXGroup;
			children = (
				7F1DF6FE2E961E2300C382E6 /* UPTBuildTracker.app */,
				7F1DF7102E961E2500C382E6 /* UPTBuildTrackerTests.xctest */,
				7F1DF71A2E961E2500C382E6 /* UPTBuildTrackerUITests.xctest */,
			);
			name = Products;
			sourceTree = "<group>";
		};
		7F1DF72F2E9628D300C382E6 /* Models */ = {
			isa = PBXGroup;
			children = (
				7F1DF7392E962A4B00C382E6 /* BuildRecord.swift */,
				7F1DF73A2E962A5900C382E6 /* ScanField.swift */,
			);
			path = Models;
			sourceTree = "<group>";
		};
		7F1DF7302E9628EB00C382E6 /* ViewModels */ = {
			isa = PBXGroup;
			children = (
				7F1DF73E2E962A8500C382E6 /* ArchiveViewModel.swift */,
				7F1DF73D2E962A7700C382E6 /* BuildEntryViewModel.swift */,
			);
			path = ViewModels;
			sourceTree = "<group>";
		};
		7F1DF7312E9628F500C382E6 /* Views */ = {
			isa = PBXGroup;
			children = (
				7F1DF7432E962ADF00C382E6 /* Archive */,
				7F1DF7412E962AC100C382E6 /* BuildEntry */,
				7F1DF7462E962AF800C382E6 /* Components */,
				7F1DF7442E962AE600C382E6 /* Scanner */,
				7F1DF7452E962AED00C382E6 /* Settings */,
				7F1DF7402E962A9700C382E6 /* ContentView.swift */,
			);
			path = Views;
			sourceTree = "<group>";
		};
		7F1DF7322E9628FA00C382E6 /* Services */ = {
			isa = PBXGroup;
			children = (
				7F1DF73B2E962A6400C382E6 /* DataServiceProtocol.swift */,
				7F1DF73C2E962A6C00C382E6 /* GoogleSheetsServiceProtocol.swift */,
			);
			path = Services;
			sourceTree = "<group>";
		};
		7F1DF7332E96290400C382E6 /* CoreData */ = {
			isa = PBXGroup;
			children = (
				7F1DF7532E962F8300C382E6 /* BuildEntity+CoreDataProperties.swift */,
				7F1DF74E2E962BD400C382E6 /* BuildEntity+CoreDataClass.swift */,
				7F1DF7382E9629CC00C382E6 /* PersistenceController.swift */,
				7F1DF7092E961E2500C382E6 /* UPTBuildTracker.xcdatamodeld */,
			);
			path = CoreData;
			sourceTree = "<group>";
		};
		7F1DF7342E96290900C382E6 /* Resources */ = {
			isa = PBXGroup;
			children = (
			);
			path = Resources;
			sourceTree = "<group>";
		};
		7F1DF7412E962AC100C382E6 /* BuildEntry */ = {
			isa = PBXGroup;
			children = (
				7F1DF7422E962AD100C382E6 /* BuildEntryView.swift */,
				7F39C1B02EA6A10800EAFA9F /* PINTextField.swift */,
				7F39C1B22EA6A10E00EAFA9F /* SerialNumberField.swift */,
				7F39C1B42EA6A14E00EAFA9F /* PerformanceConfig.swift */,
			);
			path = BuildEntry;
			sourceTree = "<group>";
		};
		7F1DF7432E962ADF00C382E6 /* Archive */ = {
			isa = PBXGroup;
			children = (
				7F1DF7482E962B2D00C382E6 /* BuildDetailView.swift */,
				7F1DF7472E962B2200C382E6 /* ArchiveView.swift */,
			);
			path = Archive;
			sourceTree = "<group>";
		};
		7F1DF7442E962AE600C382E6 /* Scanner */ = {
			isa = PBXGroup;
			children = (
				7FBE8EC32E989040002F2ECD /* BarcodeScannerView.swift */,
				7FBE8EC52E98907A002F2ECD /* CameraScannerView.swift */,
			);
			path = Scanner;
			sourceTree = "<group>";
		};
		7F1DF7452E962AED00C382E6 /* Settings */ = {
			isa = PBXGroup;
			children = (
				7F1DF74C2E962B5B00C382E6 /* GoogleSheetsInstructionsView.swift */,
				7F1DF74B2E962B5200C382E6 /* SettingsView.swift */,
			);
			path = Settings;
			sourceTree = "<group>";
		};
		7F1DF7462E962AF800C382E6 /* Components */ = {
			isa = PBXGroup;
			children = (
				7F1DF74D2E962B6500C382E6 /* DetailRow.swift */,
			);
			path = Components;
			sourceTree = "<group>";
		};
/* End PBXGroup section */

/* Begin PBXNativeTarget section */
		7F1DF6FD2E961E2300C382E6 /* UPTBuildTracker */ = {
			isa = PBXNativeTarget;
			buildConfigurationList = 7F1DF7242E961E2500C382E6 /* Build configuration list for PBXNativeTarget "UPTBuildTracker" */;
			buildPhases = (
				7F1DF6FA2E961E2300C382E6 /* Sources */,
				7F1DF6FB2E961E2300C382E6 /* Frameworks */,
				7F1DF6FC2E961E2300C382E6 /* Resources */,
			);
			buildRules = (
			);
			dependencies = (
			);
			name = UPTBuildTracker;
			packageProductDependencies = (
			);
			productName = UPTBuildTracker;
			productReference = 7F1DF6FE2E961E2300C382E6 /* UPTBuildTracker.app */;
			productType = "com.apple.product-type.application";
		};
		7F1DF70F2E961E2500C382E6 /* UPTBuildTrackerTests */ = {
			isa = PBXNativeTarget;
			buildConfigurationList = 7F1DF7272E961E2500C382E6 /* Build configuration list for PBXNativeTarget "UPTBuildTrackerTests" */;
			buildPhases = (
				7F1DF70C2E961E2500C382E6 /* Sources */,
				7F1DF70D2E961E2500C382E6 /* Frameworks */,
				7F1DF70E2E961E2500C382E6 /* Resources */,
			);
			buildRules = (
			);
			dependencies = (
				7F1DF7122E961E2500C382E6 /* PBXTargetDependency */,
			);
			fileSystemSynchronizedGroups = (
				7F1DF7132E961E2500C382E6 /* UPTBuildTrackerTests */,
			);
			name = UPTBuildTrackerTests;
			packageProductDependencies = (
			);
			productName = UPTBuildTrackerTests;
			productReference = 7F1DF7102E961E2500C382E6 /* UPTBuildTrackerTests.xctest */;
			productType = "com.apple.product-type.bundle.unit-test";
		};
		7F1DF7192E961E2500C382E6 /* UPTBuildTrackerUITests */ = {
			isa = PBXNativeTarget;
			buildConfigurationList = 7F1DF72A2E961E2500C382E6 /* Build configuration list for PBXNativeTarget "UPTBuildTrackerUITests" */;
			buildPhases = (
				7F1DF7162E961E2500C382E6 /* Sources */,
				7F1DF7172E961E2500C382E6 /* Frameworks */,
				7F1DF7182E961E2500C382E6 /* Resources */,
			);
			buildRules = (
			);
			dependencies = (
				7F1DF71C2E961E2500C382E6 /* PBXTargetDependency */,
			);
			fileSystemSynchronizedGroups = (
				7F1DF71D2E961E2500C382E6 /* UPTBuildTrackerUITests */,
			);
			name = UPTBuildTrackerUITests;
			packageProductDependencies = (
			);
			productName = UPTBuildTrackerUITests;
			productReference = 7F1DF71A2E961E2500C382E6 /* UPTBuildTrackerUITests.xctest */;
			productType = "com.apple.product-type.bundle.ui-testing";
		};
/* End PBXNativeTarget section */

/* Begin PBXProject section */
		7F1DF6F62E961E2300C382E6 /* Project object */ = {
			isa = PBXProject;
			attributes = {
				BuildIndependentTargetsInParallel = 1;
				LastSwiftUpdateCheck = 2600;
				LastUpgradeCheck = 2600;
				TargetAttributes = {
					7F1DF6FD2E961E2300C382E6 = {
						CreatedOnToolsVersion = 26.0.1;
					};
					7F1DF70F2E961E2500C382E6 = {
						CreatedOnToolsVersion = 26.0.1;
						TestTargetID = 7F1DF6FD2E961E2300C382E6;
					};
					7F1DF7192E961E2500C382E6 = {
						CreatedOnToolsVersion = 26.0.1;
						TestTargetID = 7F1DF6FD2E961E2300C382E6;
					};
				};
			};
			buildConfigurationList = 7F1DF6F92E961E2300C382E6 /* Build configuration list for PBXProject "UPTBuildTracker" */;
			developmentRegion = en;
			hasScannedForEncodings = 0;
			knownRegions = (
				en,
				Base,
			);
			mainGroup = 7F1DF6F52E961E2300C382E6;
			minimizedProjectReferenceProxies = 1;
			preferredProjectObjectVersion = 77;
			productRefGroup = 7F1DF6FF2E961E2300C382E6 /* Products */;
			projectDirPath = "";
			projectRoot = "";
			targets = (
				7F1DF6FD2E961E2300C382E6 /* UPTBuildTracker */,
				7F1DF70F2E961E2500C382E6 /* UPTBuildTrackerTests */,
				7F1DF7192E961E2500C382E6 /* UPTBuildTrackerUITests */,
			);
		};
/* End PBXProject section */

/* Begin PBXResourcesBuildPhase section */
		7F1DF6FC2E961E2300C382E6 /* Resources */ = {
			isa = PBXResourcesBuildPhase;
			buildActionMask = 2147483647;
			files = (
				7FBE8ECA2E9F6B59002F2ECD /* LaunchScreen.storyboard in Resources */,
				7F1DF7062E961E2500C382E6 /* Assets.xcassets in Resources */,
			);
			runOnlyForDeploymentPostprocessing = 0;
		};
		7F1DF70E2E961E2500C382E6 /* Resources */ = {
			isa = PBXResourcesBuildPhase;
			buildActionMask = 2147483647;
			files = (
			);
			runOnlyForDeploymentPostprocessing = 0;
		};
		7F1DF7182E961E2500C382E6 /* Resources */ = {
			isa = PBXResourcesBuildPhase;
			buildActionMask = 2147483647;
			files = (
			);
			runOnlyForDeploymentPostprocessing = 0;
		};
/* End PBXResourcesBuildPhase section */

/* Begin PBXSourcesBuildPhase section */
		7F1DF6FA2E961E2300C382E6 /* Sources */ = {
			isa = PBXSourcesBuildPhase;
			buildActionMask = 2147483647;
			files = (
				7FBE8EC42E989040002F2ECD /* BarcodeScannerView.swift in Sources */,
				7F1DF7572E9630F700C382E6 /* ArchiveView.swift in Sources */,
				7F1DF75D2E96324200C382E6 /* DataServiceProtocol.swift in Sources */,
				7F1DF7642E963A0D00C382E6 /* BuildDetailView.swift in Sources */,
				7F1DF75F2E9632B500C382E6 /* BuildRecord.swift in Sources */,
				7F39C1B52EA6A14E00EAFA9F /* PerformanceConfig.swift in Sources */,
				7F1DF7542E962F8300C382E6 /* BuildEntity+CoreDataProperties.swift in Sources */,
				7F1DF75B2E9631AD00C382E6 /* BuildEntryViewModel.swift in Sources */,
				7F1DF7582E96310000C382E6 /* SettingsView.swift in Sources */,
				7F1DF75A2E9631A200C382E6 /* ArchiveViewModel.swift in Sources */,
				7F1DF7362E9629AA00C382E6 /* UPTBuildTrackerApp.swift in Sources */,
				7F1DF7592E96313A00C382E6 /* BuildEntryView.swift in Sources */,
				7F1DF7552E9630A900C382E6 /* ContentView.swift in Sources */,
				7F1DF74F2E962BD400C382E6 /* BuildEntity+CoreDataClass.swift in Sources */,
				7F1DF70B2E961E2500C382E6 /* UPTBuildTracker.xcdatamodeld in Sources */,
				7FBE8EC62E98907A002F2ECD /* CameraScannerView.swift in Sources */,
				7F1DF7522E962EE200C382E6 /* PersistenceController.swift in Sources */,
				7F1DF7652E963A1900C382E6 /* DetailRow.swift in Sources */,
				7F1DF75E2E96324F00C382E6 /* GoogleSheetsServiceProtocol.swift in Sources */,
				7F39C1B12EA6A10800EAFA9F /* PINTextField.swift in Sources */,
				7F39C1B32EA6A10E00EAFA9F /* SerialNumberField.swift in Sources */,
				7F1DF7602E96339C00C382E6 /* GoogleSheetsInstructionsView.swift in Sources */,
				7F1DF75C2E96320300C382E6 /* ScanField.swift in Sources */,
			);
			runOnlyForDeploymentPostprocessing = 0;
		};
		7F1DF70C2E961E2500C382E6 /* Sources */ = {
			isa = PBXSourcesBuildPhase;
			buildActionMask = 2147483647;
			files = (
			);
			runOnlyForDeploymentPostprocessing = 0;
		};
		7F1DF7162E961E2500C382E6 /* Sources */ = {
			isa = PBXSourcesBuildPhase;
			buildActionMask = 2147483647;
			files = (
			);
			runOnlyForDeploymentPostprocessing = 0;
		};
/* End PBXSourcesBuildPhase section */

/* Begin PBXTargetDependency section */
		7F1DF7122E961E2500C382E6 /* PBXTargetDependency */ = {
			isa = PBXTargetDependency;
			target = 7F1DF6FD2E961E2300C382E6 /* UPTBuildTracker */;
			targetProxy = 7F1DF7112E961E2500C382E6 /* PBXContainerItemProxy */;
		};
		7F1DF71C2E961E2500C382E6 /* PBXTargetDependency */ = {
			isa = PBXTargetDependency;
			target = 7F1DF6FD2E961E2300C382E6 /* UPTBuildTracker */;
			targetProxy = 7F1DF71B2E961E2500C382E6 /* PBXContainerItemProxy */;
		};
/* End PBXTargetDependency section */

/* Begin XCBuildConfiguration section */
		7F1DF7222E961E2500C382E6 /* Debug */ = {
			isa = XCBuildConfiguration;
			buildSettings = {
				ALWAYS_SEARCH_USER_PATHS = NO;
				ASSETCATALOG_COMPILER_GENERATE_SWIFT_ASSET_SYMBOL_EXTENSIONS = YES;
				CLANG_ANALYZER_NONNULL = YES;
				CLANG_ANALYZER_NUMBER_OBJECT_CONVERSION = YES_AGGRESSIVE;
				CLANG_CXX_LANGUAGE_STANDARD = "gnu++20";
				CLANG_ENABLE_MODULES = YES;
				CLANG_ENABLE_OBJC_ARC = YES;
				CLANG_ENABLE_OBJC_WEAK = YES;
				CLANG_WARN_BLOCK_CAPTURE_AUTORELEASING = YES;
				CLANG_WARN_BOOL_CONVERSION = YES;
				CLANG_WARN_COMMA = YES;
				CLANG_WARN_CONSTANT_CONVERSION = YES;
				CLANG_WARN_DEPRECATED_OBJC_IMPLEMENTATIONS = YES;
				CLANG_WARN_DIRECT_OBJC_ISA_USAGE = YES_ERROR;
				CLANG_WARN_DOCUMENTATION_COMMENTS = YES;
				CLANG_WARN_EMPTY_BODY = YES;
				CLANG_WARN_ENUM_CONVERSION = YES;
				CLANG_WARN_INFINITE_RECURSION = YES;
				CLANG_WARN_INT_CONVERSION = YES;
				CLANG_WARN_NON_LITERAL_NULL_CONVERSION = YES;
				CLANG_WARN_OBJC_IMPLICIT_RETAIN_SELF = YES;
				CLANG_WARN_OBJC_LITERAL_CONVERSION = YES;
				CLANG_WARN_OBJC_ROOT_CLASS = YES_ERROR;
				CLANG_WARN_QUOTED_INCLUDE_IN_FRAMEWORK_HEADER = YES;
				CLANG_WARN_RANGE_LOOP_ANALYSIS = YES;
				CLANG_WARN_STRICT_PROTOTYPES = YES;
				CLANG_WARN_SUSPICIOUS_MOVE = YES;
				CLANG_WARN_UNGUARDED_AVAILABILITY = YES_AGGRESSIVE;
				CLANG_WARN_UNREACHABLE_CODE = YES;
				CLANG_WARN__DUPLICATE_METHOD_MATCH = YES;
				COPY_PHASE_STRIP = NO;
				DEBUG_INFORMATION_FORMAT = dwarf;
				DEVELOPMENT_TEAM = EPMT7DEL43;
				ENABLE_STRICT_OBJC_MSGSEND = YES;
				ENABLE_TESTABILITY = YES;
				ENABLE_USER_SCRIPT_SANDBOXING = YES;
				GCC_C_LANGUAGE_STANDARD = gnu17;
				GCC_DYNAMIC_NO_PIC = NO;
				GCC_NO_COMMON_BLOCKS = YES;
				GCC_OPTIMIZATION_LEVEL = 0;
				GCC_PREPROCESSOR_DEFINITIONS = (
					"DEBUG=1",
					"$(inherited)",
				);
				GCC_WARN_64_TO_32_BIT_CONVERSION = YES;
				GCC_WARN_ABOUT_RETURN_TYPE = YES_ERROR;
				GCC_WARN_UNDECLARED_SELECTOR = YES;
				GCC_WARN_UNINITIALIZED_AUTOS = YES_AGGRESSIVE;
				GCC_WARN_UNUSED_FUNCTION = YES;
				GCC_WARN_UNUSED_VARIABLE = YES;
				IPHONEOS_DEPLOYMENT_TARGET = 26.0;
				LOCALIZATION_PREFERS_STRING_CATALOGS = YES;
				MTL_ENABLE_DEBUG_INFO = INCLUDE_SOURCE;
				MTL_FAST_MATH = YES;
				ONLY_ACTIVE_ARCH = YES;
				SDKROOT = iphoneos;
				SWIFT_ACTIVE_COMPILATION_CONDITIONS = "DEBUG $(inherited)";
				SWIFT_OPTIMIZATION_LEVEL = "-Onone";
			};
			name = Debug;
		};
		7F1DF7232E961E2500C382E6 /* Release */ = {
			isa = XCBuildConfiguration;
			buildSettings = {
				ALWAYS_SEARCH_USER_PATHS = NO;
				ASSETCATALOG_COMPILER_GENERATE_SWIFT_ASSET_SYMBOL_EXTENSIONS = YES;
				CLANG_ANALYZER_NONNULL = YES;
				CLANG_ANALYZER_NUMBER_OBJECT_CONVERSION = YES_AGGRESSIVE;
				CLANG_CXX_LANGUAGE_STANDARD = "gnu++20";
				CLANG_ENABLE_MODULES = YES;
				CLANG_ENABLE_OBJC_ARC = YES;
				CLANG_ENABLE_OBJC_WEAK = YES;
				CLANG_WARN_BLOCK_CAPTURE_AUTORELEASING = YES;
				CLANG_WARN_BOOL_CONVERSION = YES;
				CLANG_WARN_COMMA = YES;
				CLANG_WARN_CONSTANT_CONVERSION = YES;
				CLANG_WARN_DEPRECATED_OBJC_IMPLEMENTATIONS = YES;
				CLANG_WARN_DIRECT_OBJC_ISA_USAGE = YES_ERROR;
				CLANG_WARN_DOCUMENTATION_COMMENTS = YES;
				CLANG_WARN_EMPTY_BODY = YES;
				CLANG_WARN_ENUM_CONVERSION = YES;
				CLANG_WARN_INFINITE_RECURSION = YES;
				CLANG_WARN_INT_CONVERSION = YES;
				CLANG_WARN_NON_LITERAL_NULL_CONVERSION = YES;
				CLANG_WARN_OBJC_IMPLICIT_RETAIN_SELF = YES;
				CLANG_WARN_OBJC_LITERAL_CONVERSION = YES;
				CLANG_WARN_OBJC_ROOT_CLASS = YES_ERROR;
				CLANG_WARN_QUOTED_INCLUDE_IN_FRAMEWORK_HEADER = YES;
				CLANG_WARN_RANGE_LOOP_ANALYSIS = YES;
				CLANG_WARN_STRICT_PROTOTYPES = YES;
				CLANG_WARN_SUSPICIOUS_MOVE = YES;
				CLANG_WARN_UNGUARDED_AVAILABILITY = YES_AGGRESSIVE;
				CLANG_WARN_UNREACHABLE_CODE = YES;
				CLANG_WARN__DUPLICATE_METHOD_MATCH = YES;
				COPY_PHASE_STRIP = NO;
				DEBUG_INFORMATION_FORMAT = "dwarf-with-dsym";
				DEVELOPMENT_TEAM = EPMT7DEL43;
				ENABLE_NS_ASSERTIONS = NO;
				ENABLE_STRICT_OBJC_MSGSEND = YES;
				ENABLE_USER_SCRIPT_SANDBOXING = YES;
				GCC_C_LANGUAGE_STANDARD = gnu17;
				GCC_NO_COMMON_BLOCKS = YES;
				GCC_WARN_64_TO_32_BIT_CONVERSION = YES;
				GCC_WARN_ABOUT_RETURN_TYPE = YES_ERROR;
				GCC_WARN_UNDECLARED_SELECTOR = YES;
				GCC_WARN_UNINITIALIZED_AUTOS = YES_AGGRESSIVE;
				GCC_WARN_UNUSED_FUNCTION = YES;
				GCC_WARN_UNUSED_VARIABLE = YES;
				IPHONEOS_DEPLOYMENT_TARGET = 26.0;
				LOCALIZATION_PREFERS_STRING_CATALOGS = YES;
				MTL_ENABLE_DEBUG_INFO = NO;
				MTL_FAST_MATH = YES;
				SDKROOT = iphoneos;
				SWIFT_COMPILATION_MODE = wholemodule;
				VALIDATE_PRODUCT = YES;
			};
			name = Release;
		};
		7F1DF7252E961E2500C382E6 /* Debug */ = {
			isa = XCBuildConfiguration;
			buildSettings = {
				ASSETCATALOG_COMPILER_APPICON_NAME = AppIcon;
				ASSETCATALOG_COMPILER_GLOBAL_ACCENT_COLOR_NAME = AccentColor;
				CODE_SIGN_STYLE = Automatic;
				CURRENT_PROJECT_VERSION = 1;
				DEVELOPMENT_TEAM = EPMT7DEL43;
				ENABLE_PREVIEWS = YES;
				GENERATE_INFOPLIST_FILE = YES;
				INFOPLIST_KEY_NSCameraUsageDescription = "We need camera access to scan serial numbers";
				INFOPLIST_KEY_UIApplicationSceneManifest_Generation = YES;
				INFOPLIST_KEY_UIApplicationSupportsIndirectInputEvents = YES;
				INFOPLIST_KEY_UILaunchScreen_Generation = YES;
				INFOPLIST_KEY_UISupportedInterfaceOrientations_iPad = "UIInterfaceOrientationPortrait UIInterfaceOrientationPortraitUpsideDown UIInterfaceOrientationLandscapeLeft UIInterfaceOrientationLandscapeRight";
				INFOPLIST_KEY_UISupportedInterfaceOrientations_iPhone = "UIInterfaceOrientationPortrait UIInterfaceOrientationLandscapeLeft UIInterfaceOrientationLandscapeRight";
				LD_RUNPATH_SEARCH_PATHS = (
					"$(inherited)",
					"@executable_path/Frameworks",
				);
				MARKETING_VERSION = 1.0;
				PRODUCT_BUNDLE_IDENTIFIER = Tapawan.UPTBuildTracker;
				PRODUCT_NAME = "$(TARGET_NAME)";
				STRING_CATALOG_GENERATE_SYMBOLS = YES;
				SWIFT_APPROACHABLE_CONCURRENCY = YES;
				SWIFT_DEFAULT_ACTOR_ISOLATION = MainActor;
				SWIFT_EMIT_LOC_STRINGS = YES;
				SWIFT_UPCOMING_FEATURE_MEMBER_IMPORT_VISIBILITY = YES;
				SWIFT_VERSION = 5.0;
				TARGETED_DEVICE_FAMILY = "1,2";
			};
			name = Debug;
		};
		7F1DF7262E961E2500C382E6 /* Release */ = {
			isa = XCBuildConfiguration;
			buildSettings = {
				ASSETCATALOG_COMPILER_APPICON_NAME = AppIcon;
				ASSETCATALOG_COMPILER_GLOBAL_ACCENT_COLOR_NAME = AccentColor;
				CODE_SIGN_STYLE = Automatic;
				CURRENT_PROJECT_VERSION = 1;
				DEVELOPMENT_TEAM = EPMT7DEL43;
				ENABLE_PREVIEWS = YES;
				GENERATE_INFOPLIST_FILE = YES;
				INFOPLIST_KEY_NSCameraUsageDescription = "We need camera access to scan serial numbers";
				INFOPLIST_KEY_UIApplicationSceneManifest_Generation = YES;
				INFOPLIST_KEY_UIApplicationSupportsIndirectInputEvents = YES;
				INFOPLIST_KEY_UILaunchScreen_Generation = YES;
				INFOPLIST_KEY_UISupportedInterfaceOrientations_iPad = "UIInterfaceOrientationPortrait UIInterfaceOrientationPortraitUpsideDown UIInterfaceOrientationLandscapeLeft UIInterfaceOrientationLandscapeRight";
				INFOPLIST_KEY_UISupportedInterfaceOrientations_iPhone = "UIInterfaceOrientationPortrait UIInterfaceOrientationLandscapeLeft UIInterfaceOrientationLandscapeRight";
				LD_RUNPATH_SEARCH_PATHS = (
					"$(inherited)",
					"@executable_path/Frameworks",
				);
				MARKETING_VERSION = 1.0;
				PRODUCT_BUNDLE_IDENTIFIER = Tapawan.UPTBuildTracker;
				PRODUCT_NAME = "$(TARGET_NAME)";
				STRING_CATALOG_GENERATE_SYMBOLS = YES;
				SWIFT_APPROACHABLE_CONCURRENCY = YES;
				SWIFT_DEFAULT_ACTOR_ISOLATION = MainActor;
				SWIFT_EMIT_LOC_STRINGS = YES;
				SWIFT_UPCOMING_FEATURE_MEMBER_IMPORT_VISIBILITY = YES;
				SWIFT_VERSION = 5.0;
				TARGETED_DEVICE_FAMILY = "1,2";
			};
			name = Release;
		};
		7F1DF7282E961E2500C382E6 /* Debug */ = {
			isa = XCBuildConfiguration;
			buildSettings = {
				BUNDLE_LOADER = "$(TEST_HOST)";
				CODE_SIGN_STYLE = Automatic;
				CURRENT_PROJECT_VERSION = 1;
				DEVELOPMENT_TEAM = EPMT7DEL43;
				GENERATE_INFOPLIST_FILE = YES;
				IPHONEOS_DEPLOYMENT_TARGET = 26.0;
				MARKETING_VERSION = 1.0;
				PRODUCT_BUNDLE_IDENTIFIER = Tapawan.UPTBuildTrackerTests;
				PRODUCT_NAME = "$(TARGET_NAME)";
				STRING_CATALOG_GENERATE_SYMBOLS = NO;
				SWIFT_APPROACHABLE_CONCURRENCY = YES;
				SWIFT_EMIT_LOC_STRINGS = NO;
				SWIFT_UPCOMING_FEATURE_MEMBER_IMPORT_VISIBILITY = YES;
				SWIFT_VERSION = 5.0;
				TARGETED_DEVICE_FAMILY = "1,2";
				TEST_HOST = "$(BUILT_PRODUCTS_DIR)/UPTBuildTracker.app/$(BUNDLE_EXECUTABLE_FOLDER_PATH)/UPTBuildTracker";
			};
			name = Debug;
		};
		7F1DF7292E961E2500C382E6 /* Release */ = {
			isa = XCBuildConfiguration;
			buildSettings = {
				BUNDLE_LOADER = "$(TEST_HOST)";
				CODE_SIGN_STYLE = Automatic;
				CURRENT_PROJECT_VERSION = 1;
				DEVELOPMENT_TEAM = EPMT7DEL43;
				GENERATE_INFOPLIST_FILE = YES;
				IPHONEOS_DEPLOYMENT_TARGET = 26.0;
				MARKETING_VERSION = 1.0;
				PRODUCT_BUNDLE_IDENTIFIER = Tapawan.UPTBuildTrackerTests;
				PRODUCT_NAME = "$(TARGET_NAME)";
				STRING_CATALOG_GENERATE_SYMBOLS = NO;
				SWIFT_APPROACHABLE_CONCURRENCY = YES;
				SWIFT_EMIT_LOC_STRINGS = NO;
				SWIFT_UPCOMING_FEATURE_MEMBER_IMPORT_VISIBILITY = YES;
				SWIFT_VERSION = 5.0;
				TARGETED_DEVICE_FAMILY = "1,2";
				TEST_HOST = "$(BUILT_PRODUCTS_DIR)/UPTBuildTracker.app/$(BUNDLE_EXECUTABLE_FOLDER_PATH)/UPTBuildTracker";
			};
			name = Release;
		};
		7F1DF72B2E961E2500C382E6 /* Debug */ = {
			isa = XCBuildConfiguration;
			buildSettings = {
				CODE_SIGN_STYLE = Automatic;
				CURRENT_PROJECT_VERSION = 1;
				DEVELOPMENT_TEAM = EPMT7DEL43;
				GENERATE_INFOPLIST_FILE = YES;
				MARKETING_VERSION = 1.0;
				PRODUCT_BUNDLE_IDENTIFIER = Tapawan.UPTBuildTrackerUITests;
				PRODUCT_NAME = "$(TARGET_NAME)";
				STRING_CATALOG_GENERATE_SYMBOLS = NO;
				SWIFT_APPROACHABLE_CONCURRENCY = YES;
				SWIFT_EMIT_LOC_STRINGS = NO;
				SWIFT_UPCOMING_FEATURE_MEMBER_IMPORT_VISIBILITY = YES;
				SWIFT_VERSION = 5.0;
				TARGETED_DEVICE_FAMILY = "1,2";
				TEST_TARGET_NAME = UPTBuildTracker;
			};
			name = Debug;
		};
		7F1DF72C2E961E2500C382E6 /* Release */ = {
			isa = XCBuildConfiguration;
			buildSettings = {
				CODE_SIGN_STYLE = Automatic;
				CURRENT_PROJECT_VERSION = 1;
				DEVELOPMENT_TEAM = EPMT7DEL43;
				GENERATE_INFOPLIST_FILE = YES;
				MARKETING_VERSION = 1.0;
				PRODUCT_BUNDLE_IDENTIFIER = Tapawan.UPTBuildTrackerUITests;
				PRODUCT_NAME = "$(TARGET_NAME)";
				STRING_CATALOG_GENERATE_SYMBOLS = NO;
				SWIFT_APPROACHABLE_CONCURRENCY = YES;
				SWIFT_EMIT_LOC_STRINGS = NO;
				SWIFT_UPCOMING_FEATURE_MEMBER_IMPORT_VISIBILITY = YES;
				SWIFT_VERSION = 5.0;
				TARGETED_DEVICE_FAMILY = "1,2";
				TEST_TARGET_NAME = UPTBuildTracker;
			};
			name = Release;
		};
/* End XCBuildConfiguration section */

/* Begin XCConfigurationList section */
		7F1DF6F92E961E2300C382E6 /* Build configuration list for PBXProject "UPTBuildTracker" */ = {
			isa = XCConfigurationList;
			buildConfigurations = (
				7F1DF7222E961E2500C382E6 /* Debug */,
				7F1DF7232E961E2500C382E6 /* Release */,
			);
			defaultConfigurationIsVisible = 0;
			defaultConfigurationName = Release;
		};
		7F1DF7242E961E2500C382E6 /* Build configuration list for PBXNativeTarget "UPTBuildTracker" */ = {
			isa = XCConfigurationList;
			buildConfigurations = (
				7F1DF7252E961E2500C382E6 /* Debug */,
				7F1DF7262E961E2500C382E6 /* Release */,
			);
			defaultConfigurationIsVisible = 0;
			defaultConfigurationName = Release;
		};
		7F1DF7272E961E2500C382E6 /* Build configuration list for PBXNativeTarget "UPTBuildTrackerTests" */ = {
			isa = XCConfigurationList;
			buildConfigurations = (
				7F1DF7282E961E2500C382E6 /* Debug */,
				7F1DF7292E961E2500C382E6 /* Release */,
			);
			defaultConfigurationIsVisible = 0;
			defaultConfigurationName = Release;
		};
		7F1DF72A2E961E2500C382E6 /* Build configuration list for PBXNativeTarget "UPTBuildTrackerUITests" */ = {
			isa = XCConfigurationList;
			buildConfigurations = (
				7F1DF72B2E961E2500C382E6 /* Debug */,
				7F1DF72C2E961E2500C382E6 /* Release */,
			);
			defaultConfigurationIsVisible = 0;
			defaultConfigurationName = Release;
		};
/* End XCConfigurationList section */

/* Begin XCVersionGroup section */
		7F1DF7092E961E2500C382E6 /* UPTBuildTracker.xcdatamodeld */ = {
			isa = XCVersionGroup;
			children = (
				7F1DF70A2E961E2500C382E6 /* UPTBuildTracker.xcdatamodel */,
			);
			currentVersion = 7F1DF70A2E961E2500C382E6 /* UPTBuildTracker.xcdatamodel */;
			path = UPTBuildTracker.xcdatamodeld;
			sourceTree = "<group>";
			versionGroupType = wrapper.xcdatamodel;
		};
/* End XCVersionGroup section */
	};
	rootObject = 7F1DF6F62E961E2300C382E6 /* Project object */;
}
